
Microsoft Visual Studio Solution File, Format Version 12.00
# Visual Studio 15
VisualStudioVersion = 15.0.26020.0
MinimumVisualStudioVersion = 10.0.40219.1
Project("{FAE04EC0-301F-11D3-BF4B-00C04F79EFBC}") = "Api", "Api\Api.csproj", "{47D5902B-537C-4E03-AC54-A4B0F60D5ABA}"
EndProject
Project("{FAE04EC0-301F-11D3-BF4B-00C04F79EFBC}") = "Application", "Application\Application.csproj", "{CE572170-F48B-4D0E-A7A8-A30361101014}"
EndProject
Project("{FAE04EC0-301F-11D3-BF4B-00C04F79EFBC}") = "Common", "Common\Common.csproj", "{D78A72E6-B407-44CA-A949-12FD3B4228CF}"
EndProject
Project("{FAE04EC0-301F-11D3-BF4B-00C04F79EFBC}") = "Domain", "Domain\Domain.csproj", "{599CF71E-6074-439B-BD43-BD22091718E5}"
EndProject
Project("{FAE04EC0-301F-11D3-BF4B-00C04F79EFBC}") = "Infrastructure", "Infrastructure\Infrastructure.csproj", "{7C5F2ECC-8DA0-45D9-AE5E-1F25E2C5DD1A}"
EndProject
Project("{FAE04EC0-301F-11D3-BF4B-00C04F79EFBC}") = "Persistance", "Persistance\Persistance.csproj", "{966D6B81-9B64-4071-A900-2950369D79E0}"
EndProject
Global
	GlobalSection(SolutionConfigurationPlatforms) = preSolution
		Debug|Any CPU = Debug|Any CPU
		Debug|x64 = Debug|x64
		Debug|x86 = Debug|x86
		Release|Any CPU = Release|Any CPU
		Release|x64 = Release|x64
		Release|x86 = Release|x86
	EndGlobalSection
	GlobalSection(ProjectConfigurationPlatforms) = postSolution
		{47D5902B-537C-4E03-AC54-A4B0F60D5ABA}.Debug|Any CPU.ActiveCfg = Debug|Any CPU
		{47D5902B-537C-4E03-AC54-A4B0F60D5ABA}.Debug|Any CPU.Build.0 = Debug|Any CPU
		{47D5902B-537C-4E03-AC54-A4B0F60D5ABA}.Debug|x64.ActiveCfg = Debug|Any CPU
		{47D5902B-537C-4E03-AC54-A4B0F60D5ABA}.Debug|x64.Build.0 = Debug|Any CPU
		{47D5902B-537C-4E03-AC54-A4B0F60D5ABA}.Debug|x86.ActiveCfg = Debug|Any CPU
		{47D5902B-537C-4E03-AC54-A4B0F60D5ABA}.Debug|x86.Build.0 = Debug|Any CPU
		{47D5902B-537C-4E03-AC54-A4B0F60D5ABA}.Release|Any CPU.ActiveCfg = Release|Any CPU
		{47D5902B-537C-4E03-AC54-A4B0F60D5ABA}.Release|Any CPU.Build.0 = Release|Any CPU
		{47D5902B-537C-4E03-AC54-A4B0F60D5ABA}.Release|x64.ActiveCfg = Release|Any CPU
		{47D5902B-537C-4E03-AC54-A4B0F60D5ABA}.Release|x64.Build.0 = Release|Any CPU
		{47D5902B-537C-4E03-AC54-A4B0F60D5ABA}.Release|x86.ActiveCfg = Release|Any CPU
		{47D5902B-537C-4E03-AC54-A4B0F60D5ABA}.Release|x86.Build.0 = Release|Any CPU
		{CE572170-F48B-4D0E-A7A8-A30361101014}.Debug|Any CPU.ActiveCfg = Debug|Any CPU
		{CE572170-F48B-4D0E-A7A8-A30361101014}.Debug|Any CPU.Build.0 = Debug|Any CPU
		{CE572170-F48B-4D0E-A7A8-A30361101014}.Debug|x64.ActiveCfg = Debug|Any CPU
		{CE572170-F48B-4D0E-A7A8-A30361101014}.Debug|x64.Build.0 = Debug|Any CPU
		{CE572170-F48B-4D0E-A7A8-A30361101014}.Debug|x86.ActiveCfg = Debug|Any CPU
		{CE572170-F48B-4D0E-A7A8-A30361101014}.Debug|x86.Build.0 = Debug|Any CPU
		{CE572170-F48B-4D0E-A7A8-A30361101014}.Release|Any CPU.ActiveCfg = Release|Any CPU
		{CE572170-F48B-4D0E-A7A8-A30361101014}.Release|Any CPU.Build.0 = Release|Any CPU
		{CE572170-F48B-4D0E-A7A8-A30361101014}.Release|x64.ActiveCfg = Release|Any CPU
		{CE572170-F48B-4D0E-A7A8-A30361101014}.Release|x64.Build.0 = Release|Any CPU
		{CE572170-F48B-4D0E-A7A8-A30361101014}.Release|x86.ActiveCfg = Release|Any CPU
		{CE572170-F48B-4D0E-A7A8-A30361101014}.Release|x86.Build.0 = Release|Any CPU
		{D78A72E6-B407-44CA-A949-12FD3B4228CF}.Debug|Any CPU.ActiveCfg = Debug|Any CPU
		{D78A72E6-B407-44CA-A949-12FD3B4228CF}.Debug|Any CPU.Build.0 = Debug|Any CPU
		{D78A72E6-B407-44CA-A949-12FD3B4228CF}.Debug|x64.ActiveCfg = Debug|Any CPU
		{D78A72E6-B407-44CA-A949-12FD3B4228CF}.Debug|x64.Build.0 = Debug|Any CPU
		{D78A72E6-B407-44CA-A949-12FD3B4228CF}.Debug|x86.ActiveCfg = Debug|Any CPU
		{D78A72E6-B407-44CA-A949-12FD3B4228CF}.Debug|x86.Build.0 = Debug|Any CPU
		{D78A72E6-B407-44CA-A949-12FD3B4228CF}.Release|Any CPU.ActiveCfg = Release|Any CPU
		{D78A72E6-B407-44CA-A949-12FD3B4228CF}.Release|Any CPU.Build.0 = Release|Any CPU
		{D78A72E6-B407-44CA-A949-12FD3B4228CF}.Release|x64.ActiveCfg = Release|Any CPU
		{D78A72E6-B407-44CA-A949-12FD3B4228CF}.Release|x64.Build.0 = Release|Any CPU
		{D78A72E6-B407-44CA-A949-12FD3B4228CF}.Release|x86.ActiveCfg = Release|Any CPU
		{D78A72E6-B407-44CA-A949-12FD3B4228CF}.Release|x86.Build.0 = Release|Any CPU
		{599CF71E-6074-439B-BD43-BD22091718E5}.Debug|Any CPU.ActiveCfg = Debug|Any CPU
		{599CF71E-6074-439B-BD43-BD22091718E5}.Debug|Any CPU.Build.0 = Debug|Any CPU
		{599CF71E-6074-439B-BD43-BD22091718E5}.Debug|x64.ActiveCfg = Debug|Any CPU
		{599CF71E-6074-439B-BD43-BD22091718E5}.Debug|x64.Build.0 = Debug|Any CPU
		{599CF71E-6074-439B-BD43-BD22091718E5}.Debug|x86.ActiveCfg = Debug|Any CPU
		{599CF71E-6074-439B-BD43-BD22091718E5}.Debug|x86.Build.0 = Debug|Any CPU
		{599CF71E-6074-439B-BD43-BD22091718E5}.Release|Any CPU.ActiveCfg = Release|Any CPU
		{599CF71E-6074-439B-BD43-BD22091718E5}.Release|Any CPU.Build.0 = Release|Any CPU
		{599CF71E-6074-439B-BD43-BD22091718E5}.Release|x64.ActiveCfg = Release|Any CPU
		{599CF71E-6074-439B-BD43-BD22091718E5}.Release|x64.Build.0 = Release|Any CPU
		{599CF71E-6074-439B-BD43-BD22091718E5}.Release|x86.ActiveCfg = Release|Any CPU
		{599CF71E-6074-439B-BD43-BD22091718E5}.Release|x86.Build.0 = Release|Any CPU
		{7C5F2ECC-8DA0-45D9-AE5E-1F25E2C5DD1A}.Debug|Any CPU.ActiveCfg = Debug|Any CPU
		{7C5F2ECC-8DA0-45D9-AE5E-1F25E2C5DD1A}.Debug|Any CPU.Build.0 = Debug|Any CPU
		{7C5F2ECC-8DA0-45D9-AE5E-1F25E2C5DD1A}.Debug|x64.ActiveCfg = Debug|Any CPU
		{7C5F2ECC-8DA0-45D9-AE5E-1F25E2C5DD1A}.Debug|x64.Build.0 = Debug|Any CPU
		{7C5F2ECC-8DA0-45D9-AE5E-1F25E2C5DD1A}.Debug|x86.ActiveCfg = Debug|Any CPU
		{7C5F2ECC-8DA0-45D9-AE5E-1F25E2C5DD1A}.Debug|x86.Build.0 = Debug|Any CPU
		{7C5F2ECC-8DA0-45D9-AE5E-1F25E2C5DD1A}.Release|Any CPU.ActiveCfg = Release|Any CPU
		{7C5F2ECC-8DA0-45D9-AE5E-1F25E2C5DD1A}.Release|Any CPU.Build.0 = Release|Any CPU
		{7C5F2ECC-8DA0-45D9-AE5E-1F25E2C5DD1A}.Release|x64.ActiveCfg = Release|Any CPU
		{7C5F2ECC-8DA0-45D9-AE5E-1F25E2C5DD1A}.Release|x64.Build.0 = Release|Any CPU
		{7C5F2ECC-8DA0-45D9-AE5E-1F25E2C5DD1A}.Release|x86.ActiveCfg = Release|Any CPU
		{7C5F2ECC-8DA0-45D9-AE5E-1F25E2C5DD1A}.Release|x86.Build.0 = Release|Any CPU
		{966D6B81-9B64-4071-A900-2950369D79E0}.Debug|Any CPU.ActiveCfg = Debug|Any CPU
		{966D6B81-9B64-4071-A900-2950369D79E0}.Debug|Any CPU.Build.0 = Debug|Any CPU
		{966D6B81-9B64-4071-A900-2950369D79E0}.Debug|x64.ActiveCfg = Debug|Any CPU
		{966D6B81-9B64-4071-A900-2950369D79E0}.Debug|x64.Build.0 = Debug|Any CPU
		{966D6B81-9B64-4071-A900-2950369D79E0}.Debug|x86.ActiveCfg = Debug|Any CPU
		{966D6B81-9B64-4071-A900-2950369D79E0}.Debug|x86.Build.0 = Debug|Any CPU
		{966D6B81-9B64-4071-A900-2950369D79E0}.Release|Any CPU.ActiveCfg = Release|Any CPU
		{966D6B81-9B64-4071-A900-2950369D79E0}.Release|Any CPU.Build.0 = Release|Any CPU
		{966D6B81-9B64-4071-A900-2950369D79E0}.Release|x64.ActiveCfg = Release|Any CPU
		{966D6B81-9B64-4071-A900-2950369D79E0}.Release|x64.Build.0 = Release|Any CPU
		{966D6B81-9B64-4071-A900-2950369D79E0}.Release|x86.ActiveCfg = Release|Any CPU
		{966D6B81-9B64-4071-A900-2950369D79E0}.Release|x86.Build.0 = Release|Any CPU
	EndGlobalSection
	GlobalSection(SolutionProperties) = preSolution
		HideSolutionNode = FALSE
	EndGlobalSection
EndGlobal
